
Microsoft Visual Studio Solution File, Format Version 12.00
# Visual Studio Version 16
VisualStudioVersion = 16.0.34931.43
MinimumVisualStudioVersion = 10.0.40219.1
Project("{FAE04EC0-301F-11D3-BF4B-00C04F79EFBC}") = "PracticeDocUpload", "PracticeDocUpload.csproj", "{5B7591DD-F188-4CF0-A4F8-8796D85B5207}"
EndProject
Global
	GlobalSection(SolutionConfigurationPlatforms) = preSolution
		Debug|Any CPU = Debug|Any CPU
		Release|Any CPU = Release|Any CPU
	EndGlobalSection
	GlobalSection(ProjectConfigurationPlatforms) = postSolution
		{5B7591DD-F188-4CF0-A4F8-8796D85B5207}.Debug|Any CPU.ActiveCfg = Debug|Any CPU
		{5B7591DD-F188-4CF0-A4F8-8796D85B5207}.Debug|Any CPU.Build.0 = Debug|Any CPU
		{5B7591DD-F188-4CF0-A4F8-8796D85B5207}.Release|Any CPU.ActiveCfg = Release|Any CPU
		{5B7591DD-F188-4CF0-A4F8-8796D85B5207}.Release|Any CPU.Build.0 = Release|Any CPU
	EndGlobalSection
	GlobalSection(SolutionProperties) = preSolution
		HideSolutionNode = FALSE
	EndGlobalSection
	GlobalSection(ExtensibilityGlobals) = postSolution
		SolutionGuid = {A516254B-FD68-4F17-8795-7EF7A893E167}
	EndGlobalSection
EndGlobal
