
Microsoft Visual Studio Solution File, Format Version 12.00
# Visual Studio Version 16
VisualStudioVersion = 16.0.34931.43
MinimumVisualStudioVersion = 10.0.40219.1
Project("{FAE04EC0-301F-11D3-BF4B-00C04F79EFBC}") = "FluentEmailSend", "FluentEmailSend.csproj", "{A25A88F5-156A-42E7-A596-761DCC59B229}"
EndProject
Global
	GlobalSection(SolutionConfigurationPlatforms) = preSolution
		Debug|Any CPU = Debug|Any CPU
		Release|Any CPU = Release|Any CPU
	EndGlobalSection
	GlobalSection(ProjectConfigurationPlatforms) = postSolution
		{A25A88F5-156A-42E7-A596-761DCC59B229}.Debug|Any CPU.ActiveCfg = Debug|Any CPU
		{A25A88F5-156A-42E7-A596-761DCC59B229}.Debug|Any CPU.Build.0 = Debug|Any CPU
		{A25A88F5-156A-42E7-A596-761DCC59B229}.Release|Any CPU.ActiveCfg = Release|Any CPU
		{A25A88F5-156A-42E7-A596-761DCC59B229}.Release|Any CPU.Build.0 = Release|Any CPU
	EndGlobalSection
	GlobalSection(SolutionProperties) = preSolution
		HideSolutionNode = FALSE
	EndGlobalSection
	GlobalSection(ExtensibilityGlobals) = postSolution
		SolutionGuid = {4362AC77-03B0-449F-B3BB-C41A8078F07C}
	EndGlobalSection
EndGlobal
