
Microsoft Visual Studio Solution File, Format Version 12.00
# Visual Studio Version 16
VisualStudioVersion = 16.0.34931.43
MinimumVisualStudioVersion = 10.0.40219.1
Project("{FAE04EC0-301F-11D3-BF4B-00C04F79EFBC}") = "Dummy", "Dummy.csproj", "{D6193808-DAC3-4B2C-B180-1E4E147501B1}"
EndProject
Global
	GlobalSection(SolutionConfigurationPlatforms) = preSolution
		Debug|Any CPU = Debug|Any CPU
		Release|Any CPU = Release|Any CPU
	EndGlobalSection
	GlobalSection(ProjectConfigurationPlatforms) = postSolution
		{D6193808-DAC3-4B2C-B180-1E4E147501B1}.Debug|Any CPU.ActiveCfg = Debug|Any CPU
		{D6193808-DAC3-4B2C-B180-1E4E147501B1}.Debug|Any CPU.Build.0 = Debug|Any CPU
		{D6193808-DAC3-4B2C-B180-1E4E147501B1}.Release|Any CPU.ActiveCfg = Release|Any CPU
		{D6193808-DAC3-4B2C-B180-1E4E147501B1}.Release|Any CPU.Build.0 = Release|Any CPU
	EndGlobalSection
	GlobalSection(SolutionProperties) = preSolution
		HideSolutionNode = FALSE
	EndGlobalSection
	GlobalSection(ExtensibilityGlobals) = postSolution
		SolutionGuid = {4412AB33-E054-4137-906A-406729683F6C}
	EndGlobalSection
EndGlobal
