
Microsoft Visual Studio Solution File, Format Version 12.00
# Visual Studio Version 16
VisualStudioVersion = 16.0.34931.43
MinimumVisualStudioVersion = 10.0.40219.1
Project("{FAE04EC0-301F-11D3-BF4B-00C04F79EFBC}") = "WebApplicationidentity", "WebApplicationidentity.csproj", "{C21BE690-0D5F-4DAA-9DC2-69FB9FC80123}"
EndProject
Global
	GlobalSection(SolutionConfigurationPlatforms) = preSolution
		Debug|Any CPU = Debug|Any CPU
		Release|Any CPU = Release|Any CPU
	EndGlobalSection
	GlobalSection(ProjectConfigurationPlatforms) = postSolution
		{C21BE690-0D5F-4DAA-9DC2-69FB9FC80123}.Debug|Any CPU.ActiveCfg = Debug|Any CPU
		{C21BE690-0D5F-4DAA-9DC2-69FB9FC80123}.Debug|Any CPU.Build.0 = Debug|Any CPU
		{C21BE690-0D5F-4DAA-9DC2-69FB9FC80123}.Release|Any CPU.ActiveCfg = Release|Any CPU
		{C21BE690-0D5F-4DAA-9DC2-69FB9FC80123}.Release|Any CPU.Build.0 = Release|Any CPU
	EndGlobalSection
	GlobalSection(SolutionProperties) = preSolution
		HideSolutionNode = FALSE
	EndGlobalSection
	GlobalSection(ExtensibilityGlobals) = postSolution
		SolutionGuid = {0EC81EC6-1A4A-4C5C-9F96-1D397A4F0E72}
	EndGlobalSection
EndGlobal
